
Microsoft Visual Studio Solution File, Format Version 12.00
# Visual Studio Version 17
VisualStudioVersion = 17.11.35222.181
MinimumVisualStudioVersion = 10.0.40219.1
Project("{2150E333-8FDC-42A3-9474-1A3956D46DE8}") = "Task0", "Task0", "{E522C567-8BD6-4087-ABFC-0D88DA2AFD79}"
EndProject
Project("{9A19103F-16F7-4668-BE54-9A1E7A4F7556}") = "Tyuiu.DonskoiIA.Sprint4.Task0.V5", "Tyuiu.DonskoiIA.Sprint4.Task0.V5\Tyuiu.DonskoiIA.Sprint4.Task0.V5.csproj", "{7F5C00A8-F634-4428-9CB7-908B0C5F5F11}"
EndProject
Project("{9A19103F-16F7-4668-BE54-9A1E7A4F7556}") = "Tyuiu.DonskoiIA.Sprint4.Task0.V5.Lib", "Tyuiu.DonskoiIA.Sprint4.Task0.V5.Lib\Tyuiu.DonskoiIA.Sprint4.Task0.V5.Lib.csproj", "{880B0D97-E0FE-4B13-BF2D-191DD656E3BB}"
EndProject
Project("{9A19103F-16F7-4668-BE54-9A1E7A4F7556}") = "Tyuiu.DonskoiIA.Sprint4.Task0.V5.Test", "Tyuiu.DonskoiIA.Sprint4.Task0.V5.Test\Tyuiu.DonskoiIA.Sprint4.Task0.V5.Test.csproj", "{26F4E48D-37BC-454F-96D9-4BCD75DD21C1}"
EndProject
Project("{2150E333-8FDC-42A3-9474-1A3956D46DE8}") = "Task1", "Task1", "{481B02A6-A2DA-466C-B60A-2A611085C042}"
EndProject
Project("{9A19103F-16F7-4668-BE54-9A1E7A4F7556}") = "Tyuiu.DonskoiIA.Sprint4.Task1.V13", "Tyuiu.DonskoiIA.Sprint4.Task1.V13\Tyuiu.DonskoiIA.Sprint4.Task1.V13.csproj", "{667A8B95-80BD-49B0-87BF-E4456ABA2B9B}"
EndProject
Project("{9A19103F-16F7-4668-BE54-9A1E7A4F7556}") = "Tyuiu.DonskoiIA.Sprint4.Task1.V13.Lib", "Tyuiu.DonskoiIA.Sprint4.Task1.V13.Lib\Tyuiu.DonskoiIA.Sprint4.Task1.V13.Lib.csproj", "{514AF544-85F9-4DA8-B78A-5C687E12972F}"
EndProject
Project("{9A19103F-16F7-4668-BE54-9A1E7A4F7556}") = "Tyuiu.DonskoiIA.Sprint4.Task1.V13.Test", "Tyuiu.DonskoiIA.Sprint4.Task1.V13.Test\Tyuiu.DonskoiIA.Sprint4.Task1.V13.Test.csproj", "{0365DFB0-2B4A-4F05-9E15-E629EED47ED0}"
EndProject
Project("{2150E333-8FDC-42A3-9474-1A3956D46DE8}") = "Task2", "Task2", "{43F9146B-A425-478F-9924-95D028C98A9E}"
EndProject
Project("{9A19103F-16F7-4668-BE54-9A1E7A4F7556}") = "Tyuiu.DonskoiIA.Sprint4.Task2.V7", "Tyuiu.DonskoiIA.Sprint4.Task2.V7\Tyuiu.DonskoiIA.Sprint4.Task2.V7.csproj", "{C154BCD1-8295-4645-BCEF-456B7BB06291}"
EndProject
Project("{9A19103F-16F7-4668-BE54-9A1E7A4F7556}") = "Tyuiu.DonskoiIA.Sprint4.Task2.V7.Lib", "Tyuiu.DonskoiIA.Sprint4.Task2.V7.Lib\Tyuiu.DonskoiIA.Sprint4.Task2.V7.Lib.csproj", "{27912615-1004-43A6-89BF-AF8E94DC0B81}"
EndProject
Project("{9A19103F-16F7-4668-BE54-9A1E7A4F7556}") = "Tyuiu.DonskoiIA.Sprint4.Task2.V7.Test", "Tyuiu.DonskoiIA.Sprint4.Task2.V7.Test\Tyuiu.DonskoiIA.Sprint4.Task2.V7.Test.csproj", "{59C2DBBB-149F-4ECC-90FE-9D56307CCED8}"
EndProject
Project("{2150E333-8FDC-42A3-9474-1A3956D46DE8}") = "Task3", "Task3", "{BE1473DC-FA6D-46F2-993F-4A0018501661}"
EndProject
Project("{FAE04EC0-301F-11D3-BF4B-00C04F79EFBC}") = "Tyuiu.DonskoiIA.Sprint4.Task3.V6", "Tyuiu.DonskoiIA.Sprint4.Task3.V6\Tyuiu.DonskoiIA.Sprint4.Task3.V6.csproj", "{E69CF7E0-D1CD-470D-B3F1-23A3DF0CFD97}"
EndProject
Project("{FAE04EC0-301F-11D3-BF4B-00C04F79EFBC}") = "Tyuiu.DonskoiIA.Sprint4.Task3.V6.Lib", "Tyuiu.DonskoiIA.Sprint4.Task3.V6.Lib\Tyuiu.DonskoiIA.Sprint4.Task3.V6.Lib.csproj", "{75BA0E20-98E0-463E-BF8C-57D1FF5400EC}"
EndProject
Project("{FAE04EC0-301F-11D3-BF4B-00C04F79EFBC}") = "Tyuiu.DonskoiIA.Sprint4.Task3.V6.Test", "Tyuiu.DonskoiIA.Sprint4.Task3.V6.Test\Tyuiu.DonskoiIA.Sprint4.Task3.V6.Test.csproj", "{16394CC0-94F3-4DE9-846B-93937501BE5C}"
EndProject
Project("{2150E333-8FDC-42A3-9474-1A3956D46DE8}") = "Task4", "Task4", "{8490ADB3-DB62-48B5-AF4A-A4CED582142C}"
EndProject
Project("{FAE04EC0-301F-11D3-BF4B-00C04F79EFBC}") = "Tyuiu.DonskoiIA.Sprint4.Task4.V2", "Tyuiu.DonskoiIA.Sprint4.Task4.V2\Tyuiu.DonskoiIA.Sprint4.Task4.V2.csproj", "{1A9F4100-9A8C-4A93-8EBF-BDB82D9CFA8D}"
EndProject
Project("{FAE04EC0-301F-11D3-BF4B-00C04F79EFBC}") = "Tyuiu.DonskoiIA.Sprint4.Task4.V2.Lib", "Tyuiu.DonskoiIA.Sprint4.Task4.V2.Lib\Tyuiu.DonskoiIA.Sprint4.Task4.V2.Lib.csproj", "{F28F081B-354F-4E80-847A-EE2BB90B80FC}"
EndProject
Project("{FAE04EC0-301F-11D3-BF4B-00C04F79EFBC}") = "Tyuiu.DonskoiIA.Sprint4.Task4.V2.Test", "Tyuiu.DonskoiIA.Sprint4.Task4.V2.Test\Tyuiu.DonskoiIA.Sprint4.Task4.V2.Test.csproj", "{63A277F6-4F6D-49A3-9D15-66981FCDE471}"
EndProject
Project("{2150E333-8FDC-42A3-9474-1A3956D46DE8}") = "Task5", "Task5", "{4BE3204E-4DA4-42B3-A58D-535E438CECC8}"
EndProject
Project("{FAE04EC0-301F-11D3-BF4B-00C04F79EFBC}") = "Tyuiu.DonskoiIA.Sprint4.Task5.V15", "Tyuiu.DonskoiIA.Sprint4.Task5.V15\Tyuiu.DonskoiIA.Sprint4.Task5.V15.csproj", "{8FA136EC-483E-41B0-AF5E-10CD2D357E82}"
EndProject
Project("{FAE04EC0-301F-11D3-BF4B-00C04F79EFBC}") = "Tyuiu.DonskoiIA.Sprint4.Task5.V15.Lib", "Tyuiu.DonskoiIA.Sprint4.Task5.V15.Lib\Tyuiu.DonskoiIA.Sprint4.Task5.V15.Lib.csproj", "{979E99B0-CA0B-485E-B057-788AB5DD7B96}"
EndProject
Project("{FAE04EC0-301F-11D3-BF4B-00C04F79EFBC}") = "Tyuiu.DonskoiIA.Sprint4.Task5.V15.Test", "Tyuiu.DonskoiIA.Sprint4.Task5.V15.Test\Tyuiu.DonskoiIA.Sprint4.Task5.V15.Test.csproj", "{1507D3BF-4D0D-4E0C-A211-BC5F1C593590}"
EndProject
Project("{2150E333-8FDC-42A3-9474-1A3956D46DE8}") = "Task6", "Task6", "{CD6C24A1-1140-46A0-9F04-A0DEE2D6DAA7}"
EndProject
Project("{FAE04EC0-301F-11D3-BF4B-00C04F79EFBC}") = "Tyuiu.DonskoiIA.Sprint4.Task6.V8", "Tyuiu.DonskoiIA.Sprint4.Task6.V8\Tyuiu.DonskoiIA.Sprint4.Task6.V8.csproj", "{B73BEF89-369D-4B20-AD59-15C854D7F245}"
EndProject
Project("{FAE04EC0-301F-11D3-BF4B-00C04F79EFBC}") = "Tyuiu.DonskoiIA.Sprint4.Task6.V8.Lib", "Tyuiu.DonskoiIA.Sprint4.Task6.V8.Lib\Tyuiu.DonskoiIA.Sprint4.Task6.V8.Lib.csproj", "{86CA8D23-CFC7-4128-88CF-9C91AFDF77A2}"
EndProject
Project("{FAE04EC0-301F-11D3-BF4B-00C04F79EFBC}") = "Tyuiu.DonskoiIA.Sprint4.Task6.V8.Test", "Tyuiu.DonskoiIA.Sprint4.Task6.V8.Test\Tyuiu.DonskoiIA.Sprint4.Task6.V8.Test.csproj", "{2235D7B3-E68A-49EA-89DE-91AA6ACBD13D}"
EndProject
Project("{2150E333-8FDC-42A3-9474-1A3956D46DE8}") = "Task7", "Task7", "{B55C9160-50B9-4657-AB34-332DE38C3623}"
EndProject
Project("{FAE04EC0-301F-11D3-BF4B-00C04F79EFBC}") = "Tyuiu.DonskoiIA.Sprint4.Task7.V6", "Tyuiu.DonskoiIA.Sprint4.Task7.V6\Tyuiu.DonskoiIA.Sprint4.Task7.V6.csproj", "{280CBD76-2938-4643-BDC1-AEA216AA996B}"
EndProject
Project("{FAE04EC0-301F-11D3-BF4B-00C04F79EFBC}") = "Tyuiu.DonskoiIA.Sprint4.Task7.V6.Lib", "Tyuiu.DonskoiIA.Sprint4.Task7.V6.Lib\Tyuiu.DonskoiIA.Sprint4.Task7.V6.Lib.csproj", "{2F3ECE7F-BDB7-4B11-8BC5-FBA3E47B5A17}"
EndProject
Project("{FAE04EC0-301F-11D3-BF4B-00C04F79EFBC}") = "Tyuiu.DonskoiIA.Sprint4.Task7.V6.Test", "Tyuiu.DonskoiIA.Sprint4.Task7.V6.Test\Tyuiu.DonskoiIA.Sprint4.Task7.V6.Test.csproj", "{EAE27937-0B98-4E37-B465-1780F4269F1B}"
EndProject
Global
	GlobalSection(SolutionConfigurationPlatforms) = preSolution
		Debug|Any CPU = Debug|Any CPU
		Release|Any CPU = Release|Any CPU
	EndGlobalSection
	GlobalSection(ProjectConfigurationPlatforms) = postSolution
		{7F5C00A8-F634-4428-9CB7-908B0C5F5F11}.Debug|Any CPU.ActiveCfg = Debug|Any CPU
		{7F5C00A8-F634-4428-9CB7-908B0C5F5F11}.Debug|Any CPU.Build.0 = Debug|Any CPU
		{7F5C00A8-F634-4428-9CB7-908B0C5F5F11}.Release|Any CPU.ActiveCfg = Release|Any CPU
		{7F5C00A8-F634-4428-9CB7-908B0C5F5F11}.Release|Any CPU.Build.0 = Release|Any CPU
		{880B0D97-E0FE-4B13-BF2D-191DD656E3BB}.Debug|Any CPU.ActiveCfg = Debug|Any CPU
		{880B0D97-E0FE-4B13-BF2D-191DD656E3BB}.Debug|Any CPU.Build.0 = Debug|Any CPU
		{880B0D97-E0FE-4B13-BF2D-191DD656E3BB}.Release|Any CPU.ActiveCfg = Release|Any CPU
		{880B0D97-E0FE-4B13-BF2D-191DD656E3BB}.Release|Any CPU.Build.0 = Release|Any CPU
		{26F4E48D-37BC-454F-96D9-4BCD75DD21C1}.Debug|Any CPU.ActiveCfg = Debug|Any CPU
		{26F4E48D-37BC-454F-96D9-4BCD75DD21C1}.Debug|Any CPU.Build.0 = Debug|Any CPU
		{26F4E48D-37BC-454F-96D9-4BCD75DD21C1}.Release|Any CPU.ActiveCfg = Release|Any CPU
		{26F4E48D-37BC-454F-96D9-4BCD75DD21C1}.Release|Any CPU.Build.0 = Release|Any CPU
		{667A8B95-80BD-49B0-87BF-E4456ABA2B9B}.Debug|Any CPU.ActiveCfg = Debug|Any CPU
		{667A8B95-80BD-49B0-87BF-E4456ABA2B9B}.Debug|Any CPU.Build.0 = Debug|Any CPU
		{667A8B95-80BD-49B0-87BF-E4456ABA2B9B}.Release|Any CPU.ActiveCfg = Release|Any CPU
		{667A8B95-80BD-49B0-87BF-E4456ABA2B9B}.Release|Any CPU.Build.0 = Release|Any CPU
		{514AF544-85F9-4DA8-B78A-5C687E12972F}.Debug|Any CPU.ActiveCfg = Debug|Any CPU
		{514AF544-85F9-4DA8-B78A-5C687E12972F}.Debug|Any CPU.Build.0 = Debug|Any CPU
		{514AF544-85F9-4DA8-B78A-5C687E12972F}.Release|Any CPU.ActiveCfg = Release|Any CPU
		{514AF544-85F9-4DA8-B78A-5C687E12972F}.Release|Any CPU.Build.0 = Release|Any CPU
		{0365DFB0-2B4A-4F05-9E15-E629EED47ED0}.Debug|Any CPU.ActiveCfg = Debug|Any CPU
		{0365DFB0-2B4A-4F05-9E15-E629EED47ED0}.Debug|Any CPU.Build.0 = Debug|Any CPU
		{0365DFB0-2B4A-4F05-9E15-E629EED47ED0}.Release|Any CPU.ActiveCfg = Release|Any CPU
		{0365DFB0-2B4A-4F05-9E15-E629EED47ED0}.Release|Any CPU.Build.0 = Release|Any CPU
		{C154BCD1-8295-4645-BCEF-456B7BB06291}.Debug|Any CPU.ActiveCfg = Debug|Any CPU
		{C154BCD1-8295-4645-BCEF-456B7BB06291}.Debug|Any CPU.Build.0 = Debug|Any CPU
		{C154BCD1-8295-4645-BCEF-456B7BB06291}.Release|Any CPU.ActiveCfg = Release|Any CPU
		{C154BCD1-8295-4645-BCEF-456B7BB06291}.Release|Any CPU.Build.0 = Release|Any CPU
		{27912615-1004-43A6-89BF-AF8E94DC0B81}.Debug|Any CPU.ActiveCfg = Debug|Any CPU
		{27912615-1004-43A6-89BF-AF8E94DC0B81}.Debug|Any CPU.Build.0 = Debug|Any CPU
		{27912615-1004-43A6-89BF-AF8E94DC0B81}.Release|Any CPU.ActiveCfg = Release|Any CPU
		{27912615-1004-43A6-89BF-AF8E94DC0B81}.Release|Any CPU.Build.0 = Release|Any CPU
		{59C2DBBB-149F-4ECC-90FE-9D56307CCED8}.Debug|Any CPU.ActiveCfg = Debug|Any CPU
		{59C2DBBB-149F-4ECC-90FE-9D56307CCED8}.Debug|Any CPU.Build.0 = Debug|Any CPU
		{59C2DBBB-149F-4ECC-90FE-9D56307CCED8}.Release|Any CPU.ActiveCfg = Release|Any CPU
		{59C2DBBB-149F-4ECC-90FE-9D56307CCED8}.Release|Any CPU.Build.0 = Release|Any CPU
		{E69CF7E0-D1CD-470D-B3F1-23A3DF0CFD97}.Debug|Any CPU.ActiveCfg = Debug|Any CPU
		{E69CF7E0-D1CD-470D-B3F1-23A3DF0CFD97}.Debug|Any CPU.Build.0 = Debug|Any CPU
		{E69CF7E0-D1CD-470D-B3F1-23A3DF0CFD97}.Release|Any CPU.ActiveCfg = Release|Any CPU
		{E69CF7E0-D1CD-470D-B3F1-23A3DF0CFD97}.Release|Any CPU.Build.0 = Release|Any CPU
		{75BA0E20-98E0-463E-BF8C-57D1FF5400EC}.Debug|Any CPU.ActiveCfg = Debug|Any CPU
		{75BA0E20-98E0-463E-BF8C-57D1FF5400EC}.Debug|Any CPU.Build.0 = Debug|Any CPU
		{75BA0E20-98E0-463E-BF8C-57D1FF5400EC}.Release|Any CPU.ActiveCfg = Release|Any CPU
		{75BA0E20-98E0-463E-BF8C-57D1FF5400EC}.Release|Any CPU.Build.0 = Release|Any CPU
		{16394CC0-94F3-4DE9-846B-93937501BE5C}.Debug|Any CPU.ActiveCfg = Debug|Any CPU
		{16394CC0-94F3-4DE9-846B-93937501BE5C}.Debug|Any CPU.Build.0 = Debug|Any CPU
		{16394CC0-94F3-4DE9-846B-93937501BE5C}.Release|Any CPU.ActiveCfg = Release|Any CPU
		{16394CC0-94F3-4DE9-846B-93937501BE5C}.Release|Any CPU.Build.0 = Release|Any CPU
		{1A9F4100-9A8C-4A93-8EBF-BDB82D9CFA8D}.Debug|Any CPU.ActiveCfg = Debug|Any CPU
		{1A9F4100-9A8C-4A93-8EBF-BDB82D9CFA8D}.Debug|Any CPU.Build.0 = Debug|Any CPU
		{1A9F4100-9A8C-4A93-8EBF-BDB82D9CFA8D}.Release|Any CPU.ActiveCfg = Release|Any CPU
		{1A9F4100-9A8C-4A93-8EBF-BDB82D9CFA8D}.Release|Any CPU.Build.0 = Release|Any CPU
		{F28F081B-354F-4E80-847A-EE2BB90B80FC}.Debug|Any CPU.ActiveCfg = Debug|Any CPU
		{F28F081B-354F-4E80-847A-EE2BB90B80FC}.Debug|Any CPU.Build.0 = Debug|Any CPU
		{F28F081B-354F-4E80-847A-EE2BB90B80FC}.Release|Any CPU.ActiveCfg = Release|Any CPU
		{F28F081B-354F-4E80-847A-EE2BB90B80FC}.Release|Any CPU.Build.0 = Release|Any CPU
		{63A277F6-4F6D-49A3-9D15-66981FCDE471}.Debug|Any CPU.ActiveCfg = Debug|Any CPU
		{63A277F6-4F6D-49A3-9D15-66981FCDE471}.Debug|Any CPU.Build.0 = Debug|Any CPU
		{63A277F6-4F6D-49A3-9D15-66981FCDE471}.Release|Any CPU.ActiveCfg = Release|Any CPU
		{63A277F6-4F6D-49A3-9D15-66981FCDE471}.Release|Any CPU.Build.0 = Release|Any CPU
		{8FA136EC-483E-41B0-AF5E-10CD2D357E82}.Debug|Any CPU.ActiveCfg = Debug|Any CPU
		{8FA136EC-483E-41B0-AF5E-10CD2D357E82}.Debug|Any CPU.Build.0 = Debug|Any CPU
		{8FA136EC-483E-41B0-AF5E-10CD2D357E82}.Release|Any CPU.ActiveCfg = Release|Any CPU
		{8FA136EC-483E-41B0-AF5E-10CD2D357E82}.Release|Any CPU.Build.0 = Release|Any CPU
		{979E99B0-CA0B-485E-B057-788AB5DD7B96}.Debug|Any CPU.ActiveCfg = Debug|Any CPU
		{979E99B0-CA0B-485E-B057-788AB5DD7B96}.Debug|Any CPU.Build.0 = Debug|Any CPU
		{979E99B0-CA0B-485E-B057-788AB5DD7B96}.Release|Any CPU.ActiveCfg = Release|Any CPU
		{979E99B0-CA0B-485E-B057-788AB5DD7B96}.Release|Any CPU.Build.0 = Release|Any CPU
		{1507D3BF-4D0D-4E0C-A211-BC5F1C593590}.Debug|Any CPU.ActiveCfg = Debug|Any CPU
		{1507D3BF-4D0D-4E0C-A211-BC5F1C593590}.Debug|Any CPU.Build.0 = Debug|Any CPU
		{1507D3BF-4D0D-4E0C-A211-BC5F1C593590}.Release|Any CPU.ActiveCfg = Release|Any CPU
		{1507D3BF-4D0D-4E0C-A211-BC5F1C593590}.Release|Any CPU.Build.0 = Release|Any CPU
		{B73BEF89-369D-4B20-AD59-15C854D7F245}.Debug|Any CPU.ActiveCfg = Debug|Any CPU
		{B73BEF89-369D-4B20-AD59-15C854D7F245}.Debug|Any CPU.Build.0 = Debug|Any CPU
		{B73BEF89-369D-4B20-AD59-15C854D7F245}.Release|Any CPU.ActiveCfg = Release|Any CPU
		{B73BEF89-369D-4B20-AD59-15C854D7F245}.Release|Any CPU.Build.0 = Release|Any CPU
		{86CA8D23-CFC7-4128-88CF-9C91AFDF77A2}.Debug|Any CPU.ActiveCfg = Debug|Any CPU
		{86CA8D23-CFC7-4128-88CF-9C91AFDF77A2}.Debug|Any CPU.Build.0 = Debug|Any CPU
		{86CA8D23-CFC7-4128-88CF-9C91AFDF77A2}.Release|Any CPU.ActiveCfg = Release|Any CPU
		{86CA8D23-CFC7-4128-88CF-9C91AFDF77A2}.Release|Any CPU.Build.0 = Release|Any CPU
		{2235D7B3-E68A-49EA-89DE-91AA6ACBD13D}.Debug|Any CPU.ActiveCfg = Debug|Any CPU
		{2235D7B3-E68A-49EA-89DE-91AA6ACBD13D}.Debug|Any CPU.Build.0 = Debug|Any CPU
		{2235D7B3-E68A-49EA-89DE-91AA6ACBD13D}.Release|Any CPU.ActiveCfg = Release|Any CPU
		{2235D7B3-E68A-49EA-89DE-91AA6ACBD13D}.Release|Any CPU.Build.0 = Release|Any CPU
		{280CBD76-2938-4643-BDC1-AEA216AA996B}.Debug|Any CPU.ActiveCfg = Debug|Any CPU
		{280CBD76-2938-4643-BDC1-AEA216AA996B}.Debug|Any CPU.Build.0 = Debug|Any CPU
		{280CBD76-2938-4643-BDC1-AEA216AA996B}.Release|Any CPU.ActiveCfg = Release|Any CPU
		{280CBD76-2938-4643-BDC1-AEA216AA996B}.Release|Any CPU.Build.0 = Release|Any CPU
		{2F3ECE7F-BDB7-4B11-8BC5-FBA3E47B5A17}.Debug|Any CPU.ActiveCfg = Debug|Any CPU
		{2F3ECE7F-BDB7-4B11-8BC5-FBA3E47B5A17}.Debug|Any CPU.Build.0 = Debug|Any CPU
		{2F3ECE7F-BDB7-4B11-8BC5-FBA3E47B5A17}.Release|Any CPU.ActiveCfg = Release|Any CPU
		{2F3ECE7F-BDB7-4B11-8BC5-FBA3E47B5A17}.Release|Any CPU.Build.0 = Release|Any CPU
		{EAE27937-0B98-4E37-B465-1780F4269F1B}.Debug|Any CPU.ActiveCfg = Debug|Any CPU
		{EAE27937-0B98-4E37-B465-1780F4269F1B}.Debug|Any CPU.Build.0 = Debug|Any CPU
		{EAE27937-0B98-4E37-B465-1780F4269F1B}.Release|Any CPU.ActiveCfg = Release|Any CPU
		{EAE27937-0B98-4E37-B465-1780F4269F1B}.Release|Any CPU.Build.0 = Release|Any CPU
	EndGlobalSection
	GlobalSection(SolutionProperties) = preSolution
		HideSolutionNode = FALSE
	EndGlobalSection
	GlobalSection(NestedProjects) = preSolution
		{7F5C00A8-F634-4428-9CB7-908B0C5F5F11} = {E522C567-8BD6-4087-ABFC-0D88DA2AFD79}
		{880B0D97-E0FE-4B13-BF2D-191DD656E3BB} = {E522C567-8BD6-4087-ABFC-0D88DA2AFD79}
		{26F4E48D-37BC-454F-96D9-4BCD75DD21C1} = {E522C567-8BD6-4087-ABFC-0D88DA2AFD79}
		{667A8B95-80BD-49B0-87BF-E4456ABA2B9B} = {481B02A6-A2DA-466C-B60A-2A611085C042}
		{514AF544-85F9-4DA8-B78A-5C687E12972F} = {481B02A6-A2DA-466C-B60A-2A611085C042}
		{0365DFB0-2B4A-4F05-9E15-E629EED47ED0} = {481B02A6-A2DA-466C-B60A-2A611085C042}
		{C154BCD1-8295-4645-BCEF-456B7BB06291} = {43F9146B-A425-478F-9924-95D028C98A9E}
		{27912615-1004-43A6-89BF-AF8E94DC0B81} = {43F9146B-A425-478F-9924-95D028C98A9E}
		{59C2DBBB-149F-4ECC-90FE-9D56307CCED8} = {43F9146B-A425-478F-9924-95D028C98A9E}
		{E69CF7E0-D1CD-470D-B3F1-23A3DF0CFD97} = {BE1473DC-FA6D-46F2-993F-4A0018501661}
		{75BA0E20-98E0-463E-BF8C-57D1FF5400EC} = {BE1473DC-FA6D-46F2-993F-4A0018501661}
		{16394CC0-94F3-4DE9-846B-93937501BE5C} = {BE1473DC-FA6D-46F2-993F-4A0018501661}
		{1A9F4100-9A8C-4A93-8EBF-BDB82D9CFA8D} = {8490ADB3-DB62-48B5-AF4A-A4CED582142C}
		{F28F081B-354F-4E80-847A-EE2BB90B80FC} = {8490ADB3-DB62-48B5-AF4A-A4CED582142C}
		{63A277F6-4F6D-49A3-9D15-66981FCDE471} = {8490ADB3-DB62-48B5-AF4A-A4CED582142C}
		{8FA136EC-483E-41B0-AF5E-10CD2D357E82} = {4BE3204E-4DA4-42B3-A58D-535E438CECC8}
		{979E99B0-CA0B-485E-B057-788AB5DD7B96} = {4BE3204E-4DA4-42B3-A58D-535E438CECC8}
		{1507D3BF-4D0D-4E0C-A211-BC5F1C593590} = {4BE3204E-4DA4-42B3-A58D-535E438CECC8}
		{B73BEF89-369D-4B20-AD59-15C854D7F245} = {CD6C24A1-1140-46A0-9F04-A0DEE2D6DAA7}
		{86CA8D23-CFC7-4128-88CF-9C91AFDF77A2} = {CD6C24A1-1140-46A0-9F04-A0DEE2D6DAA7}
		{2235D7B3-E68A-49EA-89DE-91AA6ACBD13D} = {CD6C24A1-1140-46A0-9F04-A0DEE2D6DAA7}
		{280CBD76-2938-4643-BDC1-AEA216AA996B} = {B55C9160-50B9-4657-AB34-332DE38C3623}
		{2F3ECE7F-BDB7-4B11-8BC5-FBA3E47B5A17} = {B55C9160-50B9-4657-AB34-332DE38C3623}
		{EAE27937-0B98-4E37-B465-1780F4269F1B} = {B55C9160-50B9-4657-AB34-332DE38C3623}
	EndGlobalSection
	GlobalSection(ExtensibilityGlobals) = postSolution
		SolutionGuid = {F85B8BAC-E232-49EE-8F34-4877C19A5B8D}
	EndGlobalSection
EndGlobal
